
Microsoft Visual Studio Solution File, Format Version 12.00
# Visual Studio Version 16
VisualStudioVersion = 16.0.31005.135
MinimumVisualStudioVersion = 10.0.40219.1
Project("{FAE04EC0-301F-11D3-BF4B-00C04F79EFBC}") = "ConsumeJson.Android", "ConsumeJson\ConsumeJson.Android\ConsumeJson.Android.csproj", "{AED39048-C42E-4C17-9A02-9660A167CCE1}"
EndProject
Project("{FAE04EC0-301F-11D3-BF4B-00C04F79EFBC}") = "ConsumeJson.iOS", "ConsumeJson\ConsumeJson.iOS\ConsumeJson.iOS.csproj", "{9F018D3A-58C2-459B-84CB-FB67555F25EA}"
EndProject
Project("{FAE04EC0-301F-11D3-BF4B-00C04F79EFBC}") = "ConsumeJson", "ConsumeJson\ConsumeJson\ConsumeJson.csproj", "{1608BA8A-E5FE-42E0-8BD2-13018B596743}"
EndProject
Global
	GlobalSection(SolutionConfigurationPlatforms) = preSolution
		Debug|Any CPU = Debug|Any CPU
		Debug|iPhone = Debug|iPhone
		Debug|iPhoneSimulator = Debug|iPhoneSimulator
		Release|Any CPU = Release|Any CPU
		Release|iPhone = Release|iPhone
		Release|iPhoneSimulator = Release|iPhoneSimulator
	EndGlobalSection
	GlobalSection(ProjectConfigurationPlatforms) = postSolution
		{AED39048-C42E-4C17-9A02-9660A167CCE1}.Debug|Any CPU.ActiveCfg = Debug|Any CPU
		{AED39048-C42E-4C17-9A02-9660A167CCE1}.Debug|Any CPU.Build.0 = Debug|Any CPU
		{AED39048-C42E-4C17-9A02-9660A167CCE1}.Debug|Any CPU.Deploy.0 = Debug|Any CPU
		{AED39048-C42E-4C17-9A02-9660A167CCE1}.Debug|iPhone.ActiveCfg = Debug|Any CPU
		{AED39048-C42E-4C17-9A02-9660A167CCE1}.Debug|iPhone.Build.0 = Debug|Any CPU
		{AED39048-C42E-4C17-9A02-9660A167CCE1}.Debug|iPhone.Deploy.0 = Debug|Any CPU
		{AED39048-C42E-4C17-9A02-9660A167CCE1}.Debug|iPhoneSimulator.ActiveCfg = Debug|Any CPU
		{AED39048-C42E-4C17-9A02-9660A167CCE1}.Debug|iPhoneSimulator.Build.0 = Debug|Any CPU
		{AED39048-C42E-4C17-9A02-9660A167CCE1}.Debug|iPhoneSimulator.Deploy.0 = Debug|Any CPU
		{AED39048-C42E-4C17-9A02-9660A167CCE1}.Release|Any CPU.ActiveCfg = Release|Any CPU
		{AED39048-C42E-4C17-9A02-9660A167CCE1}.Release|Any CPU.Build.0 = Release|Any CPU
		{AED39048-C42E-4C17-9A02-9660A167CCE1}.Release|Any CPU.Deploy.0 = Release|Any CPU
		{AED39048-C42E-4C17-9A02-9660A167CCE1}.Release|iPhone.ActiveCfg = Release|Any CPU
		{AED39048-C42E-4C17-9A02-9660A167CCE1}.Release|iPhone.Build.0 = Release|Any CPU
		{AED39048-C42E-4C17-9A02-9660A167CCE1}.Release|iPhone.Deploy.0 = Release|Any CPU
		{AED39048-C42E-4C17-9A02-9660A167CCE1}.Release|iPhoneSimulator.ActiveCfg = Release|Any CPU
		{AED39048-C42E-4C17-9A02-9660A167CCE1}.Release|iPhoneSimulator.Build.0 = Release|Any CPU
		{AED39048-C42E-4C17-9A02-9660A167CCE1}.Release|iPhoneSimulator.Deploy.0 = Release|Any CPU
		{9F018D3A-58C2-459B-84CB-FB67555F25EA}.Debug|Any CPU.ActiveCfg = Debug|iPhone
		{9F018D3A-58C2-459B-84CB-FB67555F25EA}.Debug|Any CPU.Build.0 = Debug|iPhone
		{9F018D3A-58C2-459B-84CB-FB67555F25EA}.Debug|Any CPU.Deploy.0 = Debug|iPhone
		{9F018D3A-58C2-459B-84CB-FB67555F25EA}.Debug|iPhone.ActiveCfg = Debug|iPhone
		{9F018D3A-58C2-459B-84CB-FB67555F25EA}.Debug|iPhone.Build.0 = Debug|iPhone
		{9F018D3A-58C2-459B-84CB-FB67555F25EA}.Debug|iPhone.Deploy.0 = Debug|iPhone
		{9F018D3A-58C2-459B-84CB-FB67555F25EA}.Debug|iPhoneSimulator.ActiveCfg = Debug|iPhoneSimulator
		{9F018D3A-58C2-459B-84CB-FB67555F25EA}.Debug|iPhoneSimulator.Build.0 = Debug|iPhoneSimulator
		{9F018D3A-58C2-459B-84CB-FB67555F25EA}.Debug|iPhoneSimulator.Deploy.0 = Debug|iPhoneSimulator
		{9F018D3A-58C2-459B-84CB-FB67555F25EA}.Release|Any CPU.ActiveCfg = Release|iPhoneSimulator
		{9F018D3A-58C2-459B-84CB-FB67555F25EA}.Release|Any CPU.Build.0 = Release|iPhoneSimulator
		{9F018D3A-58C2-459B-84CB-FB67555F25EA}.Release|Any CPU.Deploy.0 = Release|iPhoneSimulator
		{9F018D3A-58C2-459B-84CB-FB67555F25EA}.Release|iPhone.ActiveCfg = Release|iPhone
		{9F018D3A-58C2-459B-84CB-FB67555F25EA}.Release|iPhone.Build.0 = Release|iPhone
		{9F018D3A-58C2-459B-84CB-FB67555F25EA}.Release|iPhone.Deploy.0 = Release|iPhone
		{9F018D3A-58C2-459B-84CB-FB67555F25EA}.Release|iPhoneSimulator.ActiveCfg = Release|iPhoneSimulator
		{9F018D3A-58C2-459B-84CB-FB67555F25EA}.Release|iPhoneSimulator.Build.0 = Release|iPhoneSimulator
		{9F018D3A-58C2-459B-84CB-FB67555F25EA}.Release|iPhoneSimulator.Deploy.0 = Release|iPhoneSimulator
		{1608BA8A-E5FE-42E0-8BD2-13018B596743}.Debug|Any CPU.ActiveCfg = Debug|Any CPU
		{1608BA8A-E5FE-42E0-8BD2-13018B596743}.Debug|Any CPU.Build.0 = Debug|Any CPU
		{1608BA8A-E5FE-42E0-8BD2-13018B596743}.Debug|Any CPU.Deploy.0 = Debug|Any CPU
		{1608BA8A-E5FE-42E0-8BD2-13018B596743}.Debug|iPhone.ActiveCfg = Debug|Any CPU
		{1608BA8A-E5FE-42E0-8BD2-13018B596743}.Debug|iPhone.Build.0 = Debug|Any CPU
		{1608BA8A-E5FE-42E0-8BD2-13018B596743}.Debug|iPhone.Deploy.0 = Debug|Any CPU
		{1608BA8A-E5FE-42E0-8BD2-13018B596743}.Debug|iPhoneSimulator.ActiveCfg = Debug|Any CPU
		{1608BA8A-E5FE-42E0-8BD2-13018B596743}.Debug|iPhoneSimulator.Build.0 = Debug|Any CPU
		{1608BA8A-E5FE-42E0-8BD2-13018B596743}.Debug|iPhoneSimulator.Deploy.0 = Debug|Any CPU
		{1608BA8A-E5FE-42E0-8BD2-13018B596743}.Release|Any CPU.ActiveCfg = Release|Any CPU
		{1608BA8A-E5FE-42E0-8BD2-13018B596743}.Release|Any CPU.Build.0 = Release|Any CPU
		{1608BA8A-E5FE-42E0-8BD2-13018B596743}.Release|Any CPU.Deploy.0 = Release|Any CPU
		{1608BA8A-E5FE-42E0-8BD2-13018B596743}.Release|iPhone.ActiveCfg = Release|Any CPU
		{1608BA8A-E5FE-42E0-8BD2-13018B596743}.Release|iPhone.Build.0 = Release|Any CPU
		{1608BA8A-E5FE-42E0-8BD2-13018B596743}.Release|iPhone.Deploy.0 = Release|Any CPU
		{1608BA8A-E5FE-42E0-8BD2-13018B596743}.Release|iPhoneSimulator.ActiveCfg = Release|Any CPU
		{1608BA8A-E5FE-42E0-8BD2-13018B596743}.Release|iPhoneSimulator.Build.0 = Release|Any CPU
		{1608BA8A-E5FE-42E0-8BD2-13018B596743}.Release|iPhoneSimulator.Deploy.0 = Release|Any CPU
	EndGlobalSection
	GlobalSection(SolutionProperties) = preSolution
		HideSolutionNode = FALSE
	EndGlobalSection
	GlobalSection(ExtensibilityGlobals) = postSolution
		SolutionGuid = {B0DD6720-33F6-466E-A9A4-09C07C8542BF}
	EndGlobalSection
EndGlobal
